{
  "name": "typescript-snippets",
  "version": "1.0.0",
  "lockfileVersion": 1,
  "requires": true,
  "dependencies": {
    "@types/xrm": {
      "version": "9.0.27",
      "resolved": "https://registry.npmjs.org/@types/xrm/-/xrm-9.0.27.tgz",
      "integrity": "sha512-uAXLmJ/maf1wSvp9KRMQ0EqjQjOziPlzaP9eqzjgCweNQF3qBx3Lr74C9Fpa2FnrX/GsbScCiNOn5IsQyHhRPA=="
    }
  }
}
